<?xml version="1.0" encoding="utf-8"?>
<Project ToolsVersion="17.0" xmlns="http://schemas.microsoft.com/developer/msbuild/2003">
  <ItemGroup>
    <ClCompile Include="F:\Sem_07\GroundBooking\backend\Ground\test\test_main.cc">
      <Filter>Source Files</Filter>
    </ClCompile>
  </ItemGroup>
  <ItemGroup>
    <CustomBuild Include="F:\Sem_07\GroundBooking\backend\Ground\test\CMakeLists.txt" />
  </ItemGroup>
  <ItemGroup>
    <Filter Include="Source Files">
      <UniqueIdentifier>{0080F612-62EC-31E6-8315-21E6EF521A1D}</UniqueIdentifier>
    </Filter>
  </ItemGroup>
</Project>
