<?xml version="1.0" encoding="utf-8"?>
<Project ToolsVersion="17.0" xmlns="http://schemas.microsoft.com/developer/msbuild/2003">
  <ItemGroup>
    <CustomBuild Include="F:\Sem_07\GroundBooking\backend\Ground\CMakeFiles\808a86cf608506e7f12bca085004e395\generate.stamp.rule">
      <Filter>CMake Rules</Filter>
    </CustomBuild>
  </ItemGroup>
  <ItemGroup>
    <Filter Include="CMake Rules">
      <UniqueIdentifier>{AF59C67F-5C1B-3145-B4AD-5EA474AC9703}</UniqueIdentifier>
    </Filter>
  </ItemGroup>
</Project>
